
Microsoft Visual Studio Solution File, Format Version 12.00
# Visual Studio Version 16
VisualStudioVersion = 16.0.31424.327
MinimumVisualStudioVersion = 10.0.40219.1
Project("{FAE04EC0-301F-11D3-BF4B-00C04F79EFBC}") = "RecursosCPU", "RecursosCPU\RecursosCPU.csproj", "{B3BFE205-FDD5-4625-A28D-2507C8FB09AD}"
EndProject
Global
	GlobalSection(SolutionConfigurationPlatforms) = preSolution
		Debug|Any CPU = Debug|Any CPU
		Release|Any CPU = Release|Any CPU
	EndGlobalSection
	GlobalSection(ProjectConfigurationPlatforms) = postSolution
		{B3BFE205-FDD5-4625-A28D-2507C8FB09AD}.Debug|Any CPU.ActiveCfg = Debug|Any CPU
		{B3BFE205-FDD5-4625-A28D-2507C8FB09AD}.Debug|Any CPU.Build.0 = Debug|Any CPU
		{B3BFE205-FDD5-4625-A28D-2507C8FB09AD}.Release|Any CPU.ActiveCfg = Release|Any CPU
		{B3BFE205-FDD5-4625-A28D-2507C8FB09AD}.Release|Any CPU.Build.0 = Release|Any CPU
	EndGlobalSection
	GlobalSection(SolutionProperties) = preSolution
		HideSolutionNode = FALSE
	EndGlobalSection
	GlobalSection(ExtensibilityGlobals) = postSolution
		SolutionGuid = {29AC7428-B0FC-42B9-AD67-C57C50CF084C}
	EndGlobalSection
EndGlobal
